
Microsoft Visual Studio Solution File, Format Version 12.00
# Visual Studio Version 16
VisualStudioVersion = 16.0.809.4
MinimumVisualStudioVersion = 10.0.40219.1
Project("{FAE04EC0-301F-11D3-BF4B-00C04F79EFBC}") = "RWGame.iOS", "RWGame.iOS.csproj", "{BE5DC90F-A09D-4432-BAB9-C42A9A2EDD46}"
EndProject
Global
	GlobalSection(SolutionConfigurationPlatforms) = preSolution
		Debug|iPhoneSimulator = Debug|iPhoneSimulator
		Release|iPhoneSimulator = Release|iPhoneSimulator
		Debug|iPhone = Debug|iPhone
		Release|iPhone = Release|iPhone
		Ad-Hoc|iPhone = Ad-Hoc|iPhone
		AppStore|iPhone = AppStore|iPhone
		Debug|x64 = Debug|x64
		Release|x64 = Release|x64
		Ad-Hoc|x64 = Ad-Hoc|x64
		AppStore|x64 = AppStore|x64
	EndGlobalSection
	GlobalSection(ProjectConfigurationPlatforms) = postSolution
		{BE5DC90F-A09D-4432-BAB9-C42A9A2EDD46}.Debug|iPhoneSimulator.ActiveCfg = Debug|iPhoneSimulator
		{BE5DC90F-A09D-4432-BAB9-C42A9A2EDD46}.Debug|iPhoneSimulator.Build.0 = Debug|iPhoneSimulator
		{BE5DC90F-A09D-4432-BAB9-C42A9A2EDD46}.Release|iPhoneSimulator.ActiveCfg = Release|iPhoneSimulator
		{BE5DC90F-A09D-4432-BAB9-C42A9A2EDD46}.Release|iPhoneSimulator.Build.0 = Release|iPhoneSimulator
		{BE5DC90F-A09D-4432-BAB9-C42A9A2EDD46}.Debug|iPhone.ActiveCfg = Debug|iPhone
		{BE5DC90F-A09D-4432-BAB9-C42A9A2EDD46}.Debug|iPhone.Build.0 = Debug|iPhone
		{BE5DC90F-A09D-4432-BAB9-C42A9A2EDD46}.Release|iPhone.ActiveCfg = Release|iPhone
		{BE5DC90F-A09D-4432-BAB9-C42A9A2EDD46}.Release|iPhone.Build.0 = Release|iPhone
		{BE5DC90F-A09D-4432-BAB9-C42A9A2EDD46}.Ad-Hoc|iPhone.ActiveCfg = Ad-Hoc|iPhone
		{BE5DC90F-A09D-4432-BAB9-C42A9A2EDD46}.Ad-Hoc|iPhone.Build.0 = Ad-Hoc|iPhone
		{BE5DC90F-A09D-4432-BAB9-C42A9A2EDD46}.AppStore|iPhone.ActiveCfg = AppStore|iPhone
		{BE5DC90F-A09D-4432-BAB9-C42A9A2EDD46}.AppStore|iPhone.Build.0 = AppStore|iPhone
		{BE5DC90F-A09D-4432-BAB9-C42A9A2EDD46}.Debug|x64.ActiveCfg = Debug|x64
		{BE5DC90F-A09D-4432-BAB9-C42A9A2EDD46}.Debug|x64.Build.0 = Debug|x64
		{BE5DC90F-A09D-4432-BAB9-C42A9A2EDD46}.Release|x64.ActiveCfg = Release|x64
		{BE5DC90F-A09D-4432-BAB9-C42A9A2EDD46}.Release|x64.Build.0 = Release|x64
		{BE5DC90F-A09D-4432-BAB9-C42A9A2EDD46}.Ad-Hoc|x64.ActiveCfg = Ad-Hoc|x64
		{BE5DC90F-A09D-4432-BAB9-C42A9A2EDD46}.Ad-Hoc|x64.Build.0 = Ad-Hoc|x64
		{BE5DC90F-A09D-4432-BAB9-C42A9A2EDD46}.AppStore|x64.ActiveCfg = AppStore|x64
		{BE5DC90F-A09D-4432-BAB9-C42A9A2EDD46}.AppStore|x64.Build.0 = AppStore|x64
	EndGlobalSection
	GlobalSection(SolutionProperties) = preSolution
		HideSolutionNode = FALSE
	EndGlobalSection
	GlobalSection(ExtensibilityGlobals) = postSolution
		SolutionGuid = {E2EFEF61-0D4C-4C52-ABDF-9508191453C9}
	EndGlobalSection
EndGlobal
